
Microsoft Visual Studio Solution File, Format Version 12.00
# Visual Studio Version 17
VisualStudioVersion = 17.7.34302.85
MinimumVisualStudioVersion = 10.0.40219.1
Project("{FAE04EC0-301F-11D3-BF4B-00C04F79EFBC}") = "tam_giác_reuleaux", "tam_giác_reuleaux.csproj", "{AD559C1D-6C15-43CF-BA92-D28FC7B5DC31}"
EndProject
Global
	GlobalSection(SolutionConfigurationPlatforms) = preSolution
		Debug|Any CPU = Debug|Any CPU
		Release|Any CPU = Release|Any CPU
	EndGlobalSection
	GlobalSection(ProjectConfigurationPlatforms) = postSolution
		{AD559C1D-6C15-43CF-BA92-D28FC7B5DC31}.Debug|Any CPU.ActiveCfg = Debug|Any CPU
		{AD559C1D-6C15-43CF-BA92-D28FC7B5DC31}.Debug|Any CPU.Build.0 = Debug|Any CPU
		{AD559C1D-6C15-43CF-BA92-D28FC7B5DC31}.Release|Any CPU.ActiveCfg = Release|Any CPU
		{AD559C1D-6C15-43CF-BA92-D28FC7B5DC31}.Release|Any CPU.Build.0 = Release|Any CPU
	EndGlobalSection
	GlobalSection(SolutionProperties) = preSolution
		HideSolutionNode = FALSE
	EndGlobalSection
	GlobalSection(ExtensibilityGlobals) = postSolution
		SolutionGuid = {4CEC3E55-E206-4C84-B90A-CEF104F470AF}
	EndGlobalSection
EndGlobal
