
Microsoft Visual Studio Solution File, Format Version 12.00
# Visual Studio Version 17
VisualStudioVersion = 17.8.34330.188
MinimumVisualStudioVersion = 10.0.40219.1
Project("{FAE04EC0-301F-11D3-BF4B-00C04F79EFBC}") = "dò_,mìn", "dò_,mìn.csproj", "{F771BC65-E5D0-458C-BAA6-6027627A582D}"
EndProject
Global
	GlobalSection(SolutionConfigurationPlatforms) = preSolution
		Debug|Any CPU = Debug|Any CPU
		Release|Any CPU = Release|Any CPU
	EndGlobalSection
	GlobalSection(ProjectConfigurationPlatforms) = postSolution
		{F771BC65-E5D0-458C-BAA6-6027627A582D}.Debug|Any CPU.ActiveCfg = Debug|Any CPU
		{F771BC65-E5D0-458C-BAA6-6027627A582D}.Debug|Any CPU.Build.0 = Debug|Any CPU
		{F771BC65-E5D0-458C-BAA6-6027627A582D}.Release|Any CPU.ActiveCfg = Release|Any CPU
		{F771BC65-E5D0-458C-BAA6-6027627A582D}.Release|Any CPU.Build.0 = Release|Any CPU
	EndGlobalSection
	GlobalSection(SolutionProperties) = preSolution
		HideSolutionNode = FALSE
	EndGlobalSection
	GlobalSection(ExtensibilityGlobals) = postSolution
		SolutionGuid = {F4B293EC-EA0A-4BBD-92FC-FFA1628AAA52}
	EndGlobalSection
EndGlobal
