
Microsoft Visual Studio Solution File, Format Version 12.00
# Visual Studio Version 17
VisualStudioVersion = 17.7.34202.233
MinimumVisualStudioVersion = 10.0.40219.1
Project("{FAE04EC0-301F-11D3-BF4B-00C04F79EFBC}") = "swich_case_vd_tin_can_chi", "swich_case_vd_tin_can_chi.csproj", "{BEC2C40C-6E35-4D26-AC35-00B52F45B4AA}"
EndProject
Global
	GlobalSection(SolutionConfigurationPlatforms) = preSolution
		Debug|Any CPU = Debug|Any CPU
		Release|Any CPU = Release|Any CPU
	EndGlobalSection
	GlobalSection(ProjectConfigurationPlatforms) = postSolution
		{BEC2C40C-6E35-4D26-AC35-00B52F45B4AA}.Debug|Any CPU.ActiveCfg = Debug|Any CPU
		{BEC2C40C-6E35-4D26-AC35-00B52F45B4AA}.Debug|Any CPU.Build.0 = Debug|Any CPU
		{BEC2C40C-6E35-4D26-AC35-00B52F45B4AA}.Release|Any CPU.ActiveCfg = Release|Any CPU
		{BEC2C40C-6E35-4D26-AC35-00B52F45B4AA}.Release|Any CPU.Build.0 = Release|Any CPU
	EndGlobalSection
	GlobalSection(SolutionProperties) = preSolution
		HideSolutionNode = FALSE
	EndGlobalSection
	GlobalSection(ExtensibilityGlobals) = postSolution
		SolutionGuid = {2793BEC7-86FE-404A-A79C-929AB3477E3F}
	EndGlobalSection
EndGlobal
