
Microsoft Visual Studio Solution File, Format Version 12.00
# Visual Studio Version 17
VisualStudioVersion = 17.7.34202.233
MinimumVisualStudioVersion = 10.0.40219.1
Project("{FAE04EC0-301F-11D3-BF4B-00C04F79EFBC}") = "ki_thuat_return_first", "ki_thuat_return_first.csproj", "{C9407429-6977-4557-B8CB-6BDA94AB4D58}"
EndProject
Global
	GlobalSection(SolutionConfigurationPlatforms) = preSolution
		Debug|Any CPU = Debug|Any CPU
		Release|Any CPU = Release|Any CPU
	EndGlobalSection
	GlobalSection(ProjectConfigurationPlatforms) = postSolution
		{C9407429-6977-4557-B8CB-6BDA94AB4D58}.Debug|Any CPU.ActiveCfg = Debug|Any CPU
		{C9407429-6977-4557-B8CB-6BDA94AB4D58}.Debug|Any CPU.Build.0 = Debug|Any CPU
		{C9407429-6977-4557-B8CB-6BDA94AB4D58}.Release|Any CPU.ActiveCfg = Release|Any CPU
		{C9407429-6977-4557-B8CB-6BDA94AB4D58}.Release|Any CPU.Build.0 = Release|Any CPU
	EndGlobalSection
	GlobalSection(SolutionProperties) = preSolution
		HideSolutionNode = FALSE
	EndGlobalSection
	GlobalSection(ExtensibilityGlobals) = postSolution
		SolutionGuid = {EDDEFC19-2CAD-4063-A171-353A3273A93F}
	EndGlobalSection
EndGlobal
